
Microsoft Visual Studio Solution File, Format Version 12.00
# Visual Studio Version 16
VisualStudioVersion = 16.0.29318.209
MinimumVisualStudioVersion = 10.0.40219.1
Project("{FAE04EC0-301F-11D3-BF4B-00C04F79EFBC}") = "ConsoleApp3", "ConsoleApp3\ConsoleApp3.csproj", "{3A7778F1-9FDB-47C7-9A7B-E4E163652095}"
EndProject
Global
	GlobalSection(SolutionConfigurationPlatforms) = preSolution
		Debug|Any CPU = Debug|Any CPU
		Release|Any CPU = Release|Any CPU
	EndGlobalSection
	GlobalSection(ProjectConfigurationPlatforms) = postSolution
		{3A7778F1-9FDB-47C7-9A7B-E4E163652095}.Debug|Any CPU.ActiveCfg = Debug|Any CPU
		{3A7778F1-9FDB-47C7-9A7B-E4E163652095}.Debug|Any CPU.Build.0 = Debug|Any CPU
		{3A7778F1-9FDB-47C7-9A7B-E4E163652095}.Release|Any CPU.ActiveCfg = Release|Any CPU
		{3A7778F1-9FDB-47C7-9A7B-E4E163652095}.Release|Any CPU.Build.0 = Release|Any CPU
	EndGlobalSection
	GlobalSection(SolutionProperties) = preSolution
		HideSolutionNode = FALSE
	EndGlobalSection
	GlobalSection(ExtensibilityGlobals) = postSolution
		SolutionGuid = {D93754EC-ECAE-4935-A2E3-0F18AF4AD201}
	EndGlobalSection
EndGlobal
